# This file was autogenerated by Stack.
# You should not edit this file by hand.
# For more information, please see the documentation at:
#   https://docs.haskellstack.org/en/stable/lock_files

packages:
- completed:
    hackage: morley-1.9@sha256:efc951744a30deb50f138247146f5d713b195c87c6dd166321548db9cefc0e07,7767
    pantry-tree:
      size: 8957
      sha256: 375b62d6ebfb15150be7abf3e915e0c1124796106c7cf4b9e94d03c7de0b04ec
  original:
    hackage: morley-1.9
- completed:
    hackage: lorentz-0.7.1@sha256:05916ede8abebe9893afc7718e5a3d716ec68221c28a4dc62015f37661ce4848,3661
    pantry-tree:
      size: 3090
      sha256: 9c4e1c469061e8b26bcaa8a2bd62c7b96957786f41b4611e90f393664d2c52ce
  original:
    hackage: lorentz-0.7.1
- completed:
    hackage: indigo-0.3.1@sha256:e090fdba2749591a2f3e0037659a581267a33e9ed4372fa5d90484061b6fdcc8,6564
    pantry-tree:
      size: 3622
      sha256: 15b4d6f0f3f9686a4fd4d80258d70f2d5ee4bfc3d1d4b677d08d518ae6373a2f
  original:
    hackage: indigo-0.3.1
- completed:
    hackage: base58-bytestring-0.1.0@sha256:a1da72ee89d5450bac1c792d9fcbe95ed7154ab7246f2172b57bd4fd9b5eab79,1913
    pantry-tree:
      size: 419
      sha256: 053784f8edef6433518c873a7c502dc75348f812e2384e1306f90467ea54f40b
  original:
    hackage: base58-bytestring-0.1.0
- completed:
    hackage: hex-text-0.1.0.0@sha256:abda1204c93d7d2c272088876eacd1de9bb9bf9adaaaa23ed32ac232a8436252,1139
    pantry-tree:
      size: 314
      sha256: 3a5b60f43c0dc4c3d5db342e23fded691065abd316af6124c8c55973367a4ef4
  original:
    hackage: hex-text-0.1.0.0
- completed:
    hackage: show-type-0.1.1@sha256:24f681a3481b3f9630e619d816054804ba1bd6cc05b5978ddd2cece8499ff2fa,1154
    pantry-tree:
      size: 214
      sha256: c07e39492e0b8da34f87b3f7516f7739d60543013e7f22bc7db0dbe99eb57540
  original:
    hackage: show-type-0.1.1
- completed:
    hackage: named-0.3.0.1@sha256:69b9722301201f8ed8abc89c4595e22c746e944bf4cdfafa8b21b14d336b26d1,2233
    pantry-tree:
      size: 426
      sha256: 4f9aaa00a4fac7404da5b5ea175cbb71142b5a47921ac0521f3836cc75681d9f
  original:
    hackage: named-0.3.0.1@sha256:69b9722301201f8ed8abc89c4595e22c746e944bf4cdfafa8b21b14d336b26d1,2233
- completed:
    hackage: vinyl-0.12.1@sha256:43456d4b3009646eee63953cbe539f1f4d0caf8bc3c25e841117e712836508f3,3790
    pantry-tree:
      size: 1857
      sha256: 1a0a5f97e92926ea84c90c7cc8da6f8ce1765ab7aca5deef98e8feca75c0c4cd
  original:
    hackage: vinyl-0.12.1@sha256:43456d4b3009646eee63953cbe539f1f4d0caf8bc3c25e841117e712836508f3,3790
- completed:
    hackage: cryptonite-0.27@sha256:b75ec07ef0244574aa5374f0a1b349dff8c8f84583cb6c58fd95e565245716d4,18143
    pantry-tree:
      size: 22989
      sha256: 1a63bb79748aeb2c0312d6a166fe8436a139929b017bf208f002e79073d21966
  original:
    hackage: cryptonite-0.27
- completed:
    hackage: morley-prelude-0.3.0@sha256:9e9473ac14cfa206adf0a3700764c0251de05042f1fe45daf9cb8556079ae663,2085
    pantry-tree:
      size: 270
      sha256: 402cd467a690373ca891fa31650376312be351244c6d7e187ca9961d3708de0a
  original:
    hackage: morley-prelude-0.3.0@sha256:9e9473ac14cfa206adf0a3700764c0251de05042f1fe45daf9cb8556079ae663,2085
- completed:
    hackage: tasty-hunit-compat-0.2@sha256:71e077ae5c514fadd4586efc19315f10fa5f3c94770820f68f63768441d665f7,1199
    pantry-tree:
      size: 229
      sha256: ef4e8284433af224f89a1dfd2968ea79de3570cef6e81b10187aca5d1fae6f76
  original:
    hackage: tasty-hunit-compat-0.2@sha256:71e077ae5c514fadd4586efc19315f10fa5f3c94770820f68f63768441d665f7,1199
- completed:
    subdir: code/cleveland
    name: cleveland
    version: 0.1.0
    git: https://gitlab.com/morley-framework/morley.git
    pantry-tree:
      size: 10694
      sha256: 2207d58305e20f66c36e579bfad1e1c67e7562f7427d2150388b154c4acccfe2
    commit: 13b57e14390c9bf77182b23fd97d8bdbc15f6a8a
  original:
    subdir: code/cleveland
    git: https://gitlab.com/morley-framework/morley.git
    commit: 13b57e14390c9bf77182b23fd97d8bdbc15f6a8a
- completed:
    subdir: code/morley-client
    name: morley-client
    version: 0.1.0
    git: https://gitlab.com/morley-framework/morley.git
    pantry-tree:
      size: 2818
      sha256: 0f8be7c7d90f415caba2aa0358600605b8bd03d92e2b6c134955ff048333ab80
    commit: 13b57e14390c9bf77182b23fd97d8bdbc15f6a8a
  original:
    subdir: code/morley-client
    git: https://gitlab.com/morley-framework/morley.git
    commit: 13b57e14390c9bf77182b23fd97d8bdbc15f6a8a
- completed:
    name: caps
    version: '0'
    git: https://github.com/int-index/caps.git
    pantry-tree:
      size: 374
      sha256: 3a80cb98282b5cc87b8c9907bfdf4d7185818e89901dc9b17d53caecbf21e607
    commit: c5d61837eb358989b581ed82b1e79158c4823b1b
  original:
    git: https://github.com/int-index/caps.git
    commit: c5d61837eb358989b581ed82b1e79158c4823b1b
- completed:
    subdir: code/morley-ledgers
    name: morley-ledgers
    version: 0.2.0.1
    git: https://gitlab.com/morley-framework/morley-ledgers.git
    pantry-tree:
      size: 1422
      sha256: 4055db68b10b2f8c0fd2332f38ace6bc0c0dd1f84513f2a523acc3388b052d4f
    commit: 552774ec4fe8a9da6afc77bbae31c30483402b9a
  original:
    subdir: code/morley-ledgers
    git: https://gitlab.com/morley-framework/morley-ledgers.git
    commit: 552774ec4fe8a9da6afc77bbae31c30483402b9a
snapshots:
- completed:
    size: 531707
    url: https://raw.githubusercontent.com/commercialhaskell/stackage-snapshots/master/lts/16/5.yaml
    sha256: 9751e25e0af5713a53ddcfcc79564b082c71b1b357fadef0d85672a5b5ba3703
  original: lts-16.5
