# This file was autogenerated by Stack.
# You should not edit this file by hand.
# For more information, please see the documentation at:
#   https://docs.haskellstack.org/en/stable/lock_files

packages:
- completed:
    subdir: code/morley
    name: morley
    version: 1.16.2
    git: https://gitlab.com/morley-framework/morley.git
    pantry-tree:
      size: 11547
      sha256: bddc166f5a874175f041858330953abe91dd7e44c4d511e284dc68af302308bb
    commit: 146da727ff486c46b0ec9f392d955f07d797848e
  original:
    subdir: code/morley
    git: https://gitlab.com/morley-framework/morley.git
    commit: 146da727ff486c46b0ec9f392d955f07d797848e
- completed:
    subdir: code/morley-prelude
    name: morley-prelude
    version: 0.5.0
    git: https://gitlab.com/morley-framework/morley.git
    pantry-tree:
      size: 778
      sha256: 6b6f51d20254877e2118341dfc03b73ae328f81ecd9ac8d150cb913c7b92b4c7
    commit: 146da727ff486c46b0ec9f392d955f07d797848e
  original:
    subdir: code/morley-prelude
    git: https://gitlab.com/morley-framework/morley.git
    commit: 146da727ff486c46b0ec9f392d955f07d797848e
- completed:
    subdir: code/morley-client
    name: morley-client
    version: 0.1.0
    git: https://gitlab.com/morley-framework/morley.git
    pantry-tree:
      size: 3578
      sha256: ca92de0cc67da2dbe40012092220cee7fe78031f65142289b79bcba14a33fc33
    commit: 146da727ff486c46b0ec9f392d955f07d797848e
  original:
    subdir: code/morley-client
    git: https://gitlab.com/morley-framework/morley.git
    commit: 146da727ff486c46b0ec9f392d955f07d797848e
- completed:
    subdir: code/lorentz
    name: lorentz
    version: 0.13.2
    git: https://gitlab.com/morley-framework/morley.git
    pantry-tree:
      size: 4139
      sha256: 434c17a76c386713a7195ee86630990d8b3aefd47a37c904e61db11658da11aa
    commit: 146da727ff486c46b0ec9f392d955f07d797848e
  original:
    subdir: code/lorentz
    git: https://gitlab.com/morley-framework/morley.git
    commit: 146da727ff486c46b0ec9f392d955f07d797848e
- completed:
    subdir: code/cleveland
    name: cleveland
    version: 0.1.0
    git: https://gitlab.com/morley-framework/morley.git
    pantry-tree:
      size: 17962
      sha256: cd5699887ac3f350aa65fe418aed2bbb2db58f4b46682b8eaa7807a0c66fdfce
    commit: 146da727ff486c46b0ec9f392d955f07d797848e
  original:
    subdir: code/cleveland
    git: https://gitlab.com/morley-framework/morley.git
    commit: 146da727ff486c46b0ec9f392d955f07d797848e
- completed:
    subdir: .
    name: indigo
    version: 0.5.0
    git: https://gitlab.com/morley-framework/indigo.git
    pantry-tree:
      size: 14509
      sha256: b81b372a299745ec4959ef1d6c2b5ef61bd9d48fb42e5f38eef1c102c2aac7b2
    commit: e879e5f282afb8d25d72d8ba132f22d3d9e628a1
  original:
    subdir: .
    git: https://gitlab.com/morley-framework/indigo.git
    commit: e879e5f282afb8d25d72d8ba132f22d3d9e628a1
- completed:
    subdir: code/morley-ledgers
    name: morley-ledgers
    version: 0.2.0.1
    git: https://gitlab.com/morley-framework/morley-ledgers.git
    pantry-tree:
      size: 1524
      sha256: 9690c3fa22bad0b1f31ed7092ee01a1912b300d41d4c9e16dc46b30a2a4a1b76
    commit: b39a971f42bb113a5b3e23c9145253e27ad6e049
  original:
    subdir: code/morley-ledgers
    git: https://gitlab.com/morley-framework/morley-ledgers.git
    commit: b39a971f42bb113a5b3e23c9145253e27ad6e049
- completed:
    subdir: code/morley-metadata
    name: morley-metadata
    version: '0'
    git: https://gitlab.com/morley-framework/morley-metadata.git
    pantry-tree:
      size: 1216
      sha256: 1bde89ea8f02d8d35687afd0a4e607bba8c052e244f57d557948a395df5ca9d2
    commit: 81b947ca1d74f3487a5b5c8e2141c37bf374f747
  original:
    subdir: code/morley-metadata
    git: https://gitlab.com/morley-framework/morley-metadata.git
    commit: 81b947ca1d74f3487a5b5c8e2141c37bf374f747
- completed:
    name: base-noprelude
    version: 4.14.3.0
    git: https://github.com/serokell/base-noprelude.git
    pantry-tree:
      size: 823
      sha256: 1f7bf8a841bc840b332d409dfeee4b68edd192291f76530faceddcfd61dfc429
    commit: 1282e0b992b00089d55228a2aa9edc4a3581c319
  original:
    git: https://github.com/serokell/base-noprelude.git
    commit: 1282e0b992b00089d55228a2aa9edc4a3581c319
- completed:
    hackage: hex-text-0.1.0.4@sha256:0ea54d08f85324498b2db3480f05efc17eb03177c564fce81dadef53752db2c5,1277
    pantry-tree:
      size: 367
      sha256: b71a67b4c35b8f2650fc833f0a226f2ab8472ff35050f53c0df7bd0ec4da8d17
  original:
    hackage: hex-text-0.1.0.4
- completed:
    hackage: show-type-0.1.1@sha256:24f681a3481b3f9630e619d816054804ba1bd6cc05b5978ddd2cece8499ff2fa,1154
    pantry-tree:
      size: 214
      sha256: c07e39492e0b8da34f87b3f7516f7739d60543013e7f22bc7db0dbe99eb57540
  original:
    hackage: show-type-0.1.1
- completed:
    hackage: named-0.3.0.1@sha256:2975d50c9c5d88095026ffc1303d2d9be52e5f588a8f8bcb7003a04b79f10a06,2312
    pantry-tree:
      size: 426
      sha256: e0df5f146ecd48ef129dd74f868e8d2d754f0a11b36c5d0e56bd4b1947433c9f
  original:
    hackage: named-0.3.0.1
- completed:
    hackage: co-log-0.4.0.1@sha256:3d4c17f37693c80d1aa2c41669bc3438fac3e89dc5f479e57d79bc3ddc4dfcc5,5087
    pantry-tree:
      size: 1126
      sha256: e73165ff8f744709428e2e87984c9d60ca1cec43d8455c413181c7c466e7497c
  original:
    hackage: co-log-0.4.0.1
- completed:
    hackage: colourista-0.1.0.1@sha256:98353ee0e2f5d97d2148513f084c1cd37dfda03e48aa9dd7a017c9d9c0ba710e,3307
    pantry-tree:
      size: 571
      sha256: aa027b21ac1ed1d446a4b20b9a1708fabed9042edf7a28ef05f3fc6278b07841
  original:
    hackage: colourista-0.1.0.1
- completed:
    hackage: ansi-terminal-0.10.3@sha256:e2fbcef5f980dc234c7ad8e2fa433b0e8109132c9e643bc40ea5608cd5697797,3226
    pantry-tree:
      size: 1461
      sha256: 02f05d52be3ffcf36c78876629cbab80b63420672685371aea4fd10e1c4aabb6
  original:
    hackage: ansi-terminal-0.10.3
- completed:
    hackage: galois-field-1.0.2@sha256:1f7d31836da8553caf50682e9e0d7cb7edf2146bafb67bed1b6b68031278bbaf,4876
    pantry-tree:
      size: 1451
      sha256: b0c9ff182961bc0d8972f43755fab68b0a7eed558a65872e21398698e66189aa
  original:
    hackage: galois-field-1.0.2
- completed:
    hackage: elliptic-curve-0.3.0@sha256:7d314ff56011de62370bdd1b840866d1e5ce061972e54be673f5768cbf8d3d42,7072
    pantry-tree:
      size: 9500
      sha256: 650191792bfc8b119e8a0ab1103383ddfa395ed692573519c27cc3d198089cb5
  original:
    hackage: elliptic-curve-0.3.0
- completed:
    hackage: pairing-1.1.0@sha256:3082ceef0e970114202675b565bf015e01186b01c9a722b0bdfc75475fecb9ce,5270
    pantry-tree:
      size: 1750
      sha256: 89348e8838bd4a34d9b9997c24cee19ac966711c36f30b5dcf0920455d0cab52
  original:
    hackage: pairing-1.1.0
- completed:
    hackage: protolude-0.2.4@sha256:ec6c01be631050f8c1b9153a782d329a52609d058cb4b461104222862f7792af,2292
    pantry-tree:
      size: 1438
      sha256: f16b5dec82649b23d3530f1bbc8e4c9e7618d70706052fe8c8ac9c8d19970126
  original:
    hackage: protolude-0.2.4
- completed:
    hackage: poly-0.4.0.0@sha256:75c243113712745dab5d2f4a52643705e146473770af212f9e0ce3d87a83f2ed,2123
    pantry-tree:
      size: 1896
      sha256: 06f435980848905d2bcf23b85782863b1608f7a78dbdaea42e33a2e865adf476
  original:
    hackage: poly-0.4.0.0
- completed:
    hackage: groups-0.4.1.0@sha256:019c80b002e2df85e0f047206f6ab7a409f92e8fd0b9ba8150ed4c463585b6e7,600
    pantry-tree:
      size: 207
      sha256: cadf47d3d6ad9c3f5d4575c714b547388d66ae0b49f669bb62060885744c2477
  original:
    hackage: groups-0.4.1.0
- completed:
    hackage: crypto-sodium-0.0.5.0@sha256:05a6cc03c407d62a999bace5fef6ed925395cb11265675052e8f39ce6f95a6ef,5590
    pantry-tree:
      size: 2047
      sha256: 77f2cd6cf5b768790ee3c099ca2711a1491e08cc01e959ff7b6fc6771af572d1
  original:
    hackage: crypto-sodium-0.0.5.0
- completed:
    hackage: NaCl-0.0.5.0@sha256:626d6e41ab736143f7ef7c5ccc9a2c7c85d166e3bdc466734404facf089fc79d,4579
    pantry-tree:
      size: 1659
      sha256: f4ab97e315f3b3600b10287c1ac737e7d7e9b6f9cfa89d0178f6b57fd82eeb18
  original:
    hackage: NaCl-0.0.5.0
- completed:
    hackage: libsodium-1.0.18.2@sha256:f15b874e74e0cf33ab1343310f5392f1f33c406bec5252098d7dd6153e797fb1,1052
    pantry-tree:
      size: 387
      sha256: dcb484e5255ec64013d0c7dd9c0dec62f79b094e1634d15ed142958dda90bb91
  original:
    hackage: libsodium-1.0.18.2
- completed:
    hackage: OddWord-1.0.2.0@sha256:1d7c46b2de539739ba2cb50fd5b0c7032fbe84a22f853f2e0b460d096e325569,1965
    pantry-tree:
      size: 476
      sha256: 91d6f851595aed111288502134412c617e6a3ecae48f4281ca313daabf80adc9
  original:
    hackage: OddWord-1.0.2.0
- completed:
    hackage: summoner-2.0.1.1@sha256:8ced26ff256e012447e2c6a49a20102511adbea605624f00a059e1e85c366719,6993
    pantry-tree:
      size: 6092
      sha256: d4650b53899bda375f27f2b82a3729f7f5a235e4dd732cb50b22a4e838a3d45d
  original:
    hackage: summoner-2.0.1.1
- completed:
    hackage: generic-data-0.8.3.0@sha256:fef21320697370fa1fadc14f72ac3ad8092b021f5371b315be3c9f3bde44c274,3710
    pantry-tree:
      size: 2061
      sha256: bac628a423a6f86675d062f513278285b2a370f8f4a350c65a880b7043b6fb86
  original:
    hackage: generic-data-0.8.3.0
- completed:
    hackage: neat-interpolation-0.3.2.6@sha256:05a7516f4ffc86ba1ca4e9c1cddda5a062131ae518e1d423d6f162c214be4cc1,3066
    pantry-tree:
      size: 514
      sha256: f8f5b320c436ee1316fa1b7c38235af8f0a3d11cbba714d57e3ffeedeb05ed7a
  original:
    hackage: neat-interpolation-0.3.2.6
- completed:
    hackage: optparse-applicative-0.15.1.0@sha256:29ff6146aabf54d46c4c8788e8d1eadaea27c94f6d360c690c5f6c93dac4b07e,4810
    pantry-tree:
      size: 2904
      sha256: 04ad3816bc580cbe0834d3d1f4729ddd386abfe31b43e5b14968885f636d1b0d
  original:
    hackage: optparse-applicative-0.15.1.0
- completed:
    hackage: megaparsec-8.0.0@sha256:362f85e243ecbcb550e1de6e5c74ba5a50c09edaa1208c99bc5b9fd242227fc6,3808
    pantry-tree:
      size: 1446
      sha256: 955117c00a86970f2d0c215f33cf5293b16589c04678a0a790c03368ab6fd0aa
  original:
    hackage: megaparsec-8.0.0
snapshots:
- completed:
    size: 587546
    url: https://raw.githubusercontent.com/commercialhaskell/stackage-snapshots/master/lts/18/10.yaml
    sha256: 88b4f81e162ba3adc230a9fcccc4d19ac116377656bab56c7382ca88598b257a
  original: lts-18.10
