# This file was autogenerated by Stack.
# You should not edit this file by hand.
# For more information, please see the documentation at:
#   https://docs.haskellstack.org/en/stable/lock_files

packages:
- completed:
    hackage: morley-1.10.0@sha256:fb2421fe377230167e33e36717b9f7a49de1c2c824e24d98d3258bb24a394631,7864
    pantry-tree:
      size: 9083
      sha256: fe796e0a634d60c37944edc6bd552e5979d3e9cf69457d75760e217db4de50e2
  original:
    hackage: morley-1.10.0
- completed:
    hackage: lorentz-0.8.0@sha256:63ac88285577c966e4cebda11c328564e2ea19bca7f7435abd65010e8c03cc83,3765
    pantry-tree:
      size: 3339
      sha256: e592b94b86409029287c9a802944be73ab9fcbdbc1f02f40ac4935e5a0da37bd
  original:
    hackage: lorentz-0.8.0
- completed:
    hackage: indigo-0.4@sha256:e7128ea85dacf02f0543433396ff71a7ff456a0d38a42298c9fc48f12d465e57,6738
    pantry-tree:
      size: 3834
      sha256: 2fb36989c2dd262199df179ae52413fc5eaf0c59b335bf8ce2781285536c9716
  original:
    hackage: indigo-0.4
- completed:
    hackage: base58-bytestring-0.1.0@sha256:a1da72ee89d5450bac1c792d9fcbe95ed7154ab7246f2172b57bd4fd9b5eab79,1913
    pantry-tree:
      size: 419
      sha256: 053784f8edef6433518c873a7c502dc75348f812e2384e1306f90467ea54f40b
  original:
    hackage: base58-bytestring-0.1.0
- completed:
    hackage: hex-text-0.1.0.0@sha256:abda1204c93d7d2c272088876eacd1de9bb9bf9adaaaa23ed32ac232a8436252,1139
    pantry-tree:
      size: 314
      sha256: 3a5b60f43c0dc4c3d5db342e23fded691065abd316af6124c8c55973367a4ef4
  original:
    hackage: hex-text-0.1.0.0
- completed:
    hackage: show-type-0.1.1@sha256:24f681a3481b3f9630e619d816054804ba1bd6cc05b5978ddd2cece8499ff2fa,1154
    pantry-tree:
      size: 214
      sha256: c07e39492e0b8da34f87b3f7516f7739d60543013e7f22bc7db0dbe99eb57540
  original:
    hackage: show-type-0.1.1
- completed:
    hackage: named-0.3.0.1@sha256:69b9722301201f8ed8abc89c4595e22c746e944bf4cdfafa8b21b14d336b26d1,2233
    pantry-tree:
      size: 426
      sha256: 4f9aaa00a4fac7404da5b5ea175cbb71142b5a47921ac0521f3836cc75681d9f
  original:
    hackage: named-0.3.0.1@sha256:69b9722301201f8ed8abc89c4595e22c746e944bf4cdfafa8b21b14d336b26d1,2233
- completed:
    hackage: vinyl-0.12.1@sha256:43456d4b3009646eee63953cbe539f1f4d0caf8bc3c25e841117e712836508f3,3790
    pantry-tree:
      size: 1857
      sha256: 1a0a5f97e92926ea84c90c7cc8da6f8ce1765ab7aca5deef98e8feca75c0c4cd
  original:
    hackage: vinyl-0.12.1@sha256:43456d4b3009646eee63953cbe539f1f4d0caf8bc3c25e841117e712836508f3,3790
- completed:
    hackage: cryptonite-0.27@sha256:b75ec07ef0244574aa5374f0a1b349dff8c8f84583cb6c58fd95e565245716d4,18143
    pantry-tree:
      size: 22989
      sha256: 1a63bb79748aeb2c0312d6a166fe8436a139929b017bf208f002e79073d21966
  original:
    hackage: cryptonite-0.27
- completed:
    hackage: morley-prelude-0.3.0@sha256:9e9473ac14cfa206adf0a3700764c0251de05042f1fe45daf9cb8556079ae663,2085
    pantry-tree:
      size: 270
      sha256: 402cd467a690373ca891fa31650376312be351244c6d7e187ca9961d3708de0a
  original:
    hackage: morley-prelude-0.3.0@sha256:9e9473ac14cfa206adf0a3700764c0251de05042f1fe45daf9cb8556079ae663,2085
- completed:
    hackage: tasty-hunit-compat-0.2@sha256:71e077ae5c514fadd4586efc19315f10fa5f3c94770820f68f63768441d665f7,1199
    pantry-tree:
      size: 229
      sha256: ef4e8284433af224f89a1dfd2968ea79de3570cef6e81b10187aca5d1fae6f76
  original:
    hackage: tasty-hunit-compat-0.2@sha256:71e077ae5c514fadd4586efc19315f10fa5f3c94770820f68f63768441d665f7,1199
- completed:
    hackage: uncaught-exception-0.1.0@sha256:a03f8c2a1a8b2fc40ca9477599f2d8bcf46ce06465ab42c121b4d2481effc21e,2046
    pantry-tree:
      size: 343
      sha256: 401f9ba4729db9533ecb554a698d8c87bec4ea5382e3de335acf4d1d67c4362d
  original:
    hackage: uncaught-exception-0.1.0
- completed:
    subdir: code/cleveland
    name: cleveland
    version: 0.1.0
    git: https://gitlab.com/morley-framework/morley.git
    pantry-tree:
      size: 11445
      sha256: 32e8fb6125fde8c03b34956343b2554b7c4ced85e8c6e7c1562cba4729c257b2
    commit: 8e6568b0f0839b0dd9c0e99a3a299be4627aece8
  original:
    subdir: code/cleveland
    git: https://gitlab.com/morley-framework/morley.git
    commit: 8e6568b0f0839b0dd9c0e99a3a299be4627aece8
- completed:
    subdir: code/morley-client
    name: morley-client
    version: 0.1.0
    git: https://gitlab.com/morley-framework/morley.git
    pantry-tree:
      size: 2818
      sha256: 4027f4c6fb870a0d203c2417fe8bbb7d7bdee942f8319ddcb1663963b63f1ba7
    commit: 8e6568b0f0839b0dd9c0e99a3a299be4627aece8
  original:
    subdir: code/morley-client
    git: https://gitlab.com/morley-framework/morley.git
    commit: 8e6568b0f0839b0dd9c0e99a3a299be4627aece8
- completed:
    name: caps
    version: '0'
    git: https://github.com/int-index/caps.git
    pantry-tree:
      size: 374
      sha256: 3a80cb98282b5cc87b8c9907bfdf4d7185818e89901dc9b17d53caecbf21e607
    commit: c5d61837eb358989b581ed82b1e79158c4823b1b
  original:
    git: https://github.com/int-index/caps.git
    commit: c5d61837eb358989b581ed82b1e79158c4823b1b
- completed:
    subdir: code/morley-ledgers
    name: morley-ledgers
    version: 0.2.0.1
    git: https://gitlab.com/morley-framework/morley-ledgers.git
    pantry-tree:
      size: 1422
      sha256: a6524e6f145bcf11ab1bcbc3a17d6f9dd3e6f6086dac1df58fad3cd142175a3c
    commit: 817ef36927679743409dc7260f1d3a63ed7d8ad5
  original:
    subdir: code/morley-ledgers
    git: https://gitlab.com/morley-framework/morley-ledgers.git
    commit: 817ef36927679743409dc7260f1d3a63ed7d8ad5
- completed:
    name: morley-metadata
    version: '0'
    git: https://gitlab.com/morley-framework/morley-metadata.git
    pantry-tree:
      size: 3548
      sha256: c10e17ed6ffcefa1ddcaa6b5d33307a6bca5eee8277c2b3071c04b581f39e790
    commit: 7b3ee35067f368e627029d71f3b5453b430bac0d
  original:
    git: https://gitlab.com/morley-framework/morley-metadata.git
    commit: 7b3ee35067f368e627029d71f3b5453b430bac0d
snapshots:
- completed:
    size: 531707
    url: https://raw.githubusercontent.com/commercialhaskell/stackage-snapshots/master/lts/16/5.yaml
    sha256: 9751e25e0af5713a53ddcfcc79564b082c71b1b357fadef0d85672a5b5ba3703
  original: lts-16.5
