# This file was autogenerated by Stack.
# You should not edit this file by hand.
# For more information, please see the documentation at:
#   https://docs.haskellstack.org/en/stable/lock_files

packages:
- completed:
    hackage: morley-1.7.1@sha256:5f859ee96730ba4bfe5405014f4491a05b20ffd0800a24d538d1af63f335990a,7686
    pantry-tree:
      size: 8656
      sha256: 6e4c186eb5ccad81c7d3e295b79adf066c7dfe658b6d5a7f865d0d432856fe4e
  original:
    hackage: morley-1.7.1
- completed:
    hackage: lorentz-0.6.2@sha256:ec5b0862eef3f6a17384dd4f0abc4d0df0371bd4a8dd50f979b819e27a0fce33,4101
    pantry-tree:
      size: 4028
      sha256: 6d15e31bfdd3f652103b434290f446a70ed4f1b451199c16f34597f5c3b3dbfa
  original:
    hackage: lorentz-0.6.2
- completed:
    hackage: indigo-0.3.0@sha256:266aaecbc3a93cce7a9ea9c88fe7ccdfd5e5d4d5414d8126b1c27017e4cebca7,6564
    pantry-tree:
      size: 3622
      sha256: 5b70db853780eff2f7ad196f77af85323a96cdb2b645ef9d4d5902914d488774
  original:
    hackage: indigo-0.3.0
- completed:
    hackage: base58-bytestring-0.1.0@sha256:a1da72ee89d5450bac1c792d9fcbe95ed7154ab7246f2172b57bd4fd9b5eab79,1913
    pantry-tree:
      size: 419
      sha256: 053784f8edef6433518c873a7c502dc75348f812e2384e1306f90467ea54f40b
  original:
    hackage: base58-bytestring-0.1.0
- completed:
    hackage: hex-text-0.1.0.0@sha256:52dc2cf5ce45f7d86ea5e56e2ac57820f788c10bbb3fe83f6d57e678a426305b,1072
    pantry-tree:
      size: 314
      sha256: 84ce6d618602d39e89e28b1a9cc41f0def4786d7046ac0a742557b5ab5381466
  original:
    hackage: hex-text-0.1.0.0
- completed:
    hackage: show-type-0.1.1@sha256:24f681a3481b3f9630e619d816054804ba1bd6cc05b5978ddd2cece8499ff2fa,1154
    pantry-tree:
      size: 214
      sha256: c07e39492e0b8da34f87b3f7516f7739d60543013e7f22bc7db0dbe99eb57540
  original:
    hackage: show-type-0.1.1
- completed:
    hackage: named-0.3.0.1@sha256:69b9722301201f8ed8abc89c4595e22c746e944bf4cdfafa8b21b14d336b26d1,2233
    pantry-tree:
      size: 426
      sha256: 4f9aaa00a4fac7404da5b5ea175cbb71142b5a47921ac0521f3836cc75681d9f
  original:
    hackage: named-0.3.0.1@sha256:69b9722301201f8ed8abc89c4595e22c746e944bf4cdfafa8b21b14d336b26d1,2233
- completed:
    hackage: vinyl-0.12.1@sha256:43456d4b3009646eee63953cbe539f1f4d0caf8bc3c25e841117e712836508f3,3790
    pantry-tree:
      size: 1857
      sha256: 1a0a5f97e92926ea84c90c7cc8da6f8ce1765ab7aca5deef98e8feca75c0c4cd
  original:
    hackage: vinyl-0.12.1@sha256:43456d4b3009646eee63953cbe539f1f4d0caf8bc3c25e841117e712836508f3,3790
- completed:
    hackage: cryptonite-0.27@sha256:b75ec07ef0244574aa5374f0a1b349dff8c8f84583cb6c58fd95e565245716d4,18143
    pantry-tree:
      size: 22989
      sha256: 1a63bb79748aeb2c0312d6a166fe8436a139929b017bf208f002e79073d21966
  original:
    hackage: cryptonite-0.27
- completed:
    hackage: morley-prelude-0.3.0@sha256:9e9473ac14cfa206adf0a3700764c0251de05042f1fe45daf9cb8556079ae663,2085
    pantry-tree:
      size: 270
      sha256: 402cd467a690373ca891fa31650376312be351244c6d7e187ca9961d3708de0a
  original:
    hackage: morley-prelude-0.3.0@sha256:9e9473ac14cfa206adf0a3700764c0251de05042f1fe45daf9cb8556079ae663,2085
- completed:
    hackage: tasty-hunit-compat-0.2@sha256:71e077ae5c514fadd4586efc19315f10fa5f3c94770820f68f63768441d665f7,1199
    pantry-tree:
      size: 229
      sha256: ef4e8284433af224f89a1dfd2968ea79de3570cef6e81b10187aca5d1fae6f76
  original:
    hackage: tasty-hunit-compat-0.2@sha256:71e077ae5c514fadd4586efc19315f10fa5f3c94770820f68f63768441d665f7,1199
- completed:
    subdir: code/cleveland
    name: cleveland
    version: 0.1.0
    git: https://gitlab.com/morley-framework/morley.git
    pantry-tree:
      size: 10876
      sha256: 1c06ae7f70d9270e791086b34148845786cf86a84610a24d69581144645105ee
    commit: 17f54b2ef528e201bffca22073055525f4b3de56
  original:
    subdir: code/cleveland
    git: https://gitlab.com/morley-framework/morley.git
    commit: 17f54b2ef528e201bffca22073055525f4b3de56
- completed:
    subdir: code/morley-client
    name: morley-client
    version: 0.1.0
    git: https://gitlab.com/morley-framework/morley.git
    pantry-tree:
      size: 2817
      sha256: 7c21cb61e91c527b1286f9a601c800ebd81b425195a4b58b03ca967d0f1203fd
    commit: 17f54b2ef528e201bffca22073055525f4b3de56
  original:
    subdir: code/morley-client
    git: https://gitlab.com/morley-framework/morley.git
    commit: 17f54b2ef528e201bffca22073055525f4b3de56
- completed:
    name: caps
    version: '0'
    git: https://github.com/int-index/caps.git
    pantry-tree:
      size: 374
      sha256: 3a80cb98282b5cc87b8c9907bfdf4d7185818e89901dc9b17d53caecbf21e607
    commit: c5d61837eb358989b581ed82b1e79158c4823b1b
  original:
    git: https://github.com/int-index/caps.git
    commit: c5d61837eb358989b581ed82b1e79158c4823b1b
- completed:
    subdir: code/morley-ledgers
    name: morley-ledgers
    version: 0.2.0.1
    git: https://gitlab.com/morley-framework/morley-ledgers.git
    pantry-tree:
      size: 1422
      sha256: 5df26d135409e4eb69361a4e1d9e67a62966c613b045d3eea8ca11f563fce341
    commit: ee1fdc1c4880e265ad5509be2d57376662e93918
  original:
    subdir: code/morley-ledgers
    git: https://gitlab.com/morley-framework/morley-ledgers.git
    commit: ee1fdc1c4880e265ad5509be2d57376662e93918
snapshots:
- completed:
    size: 531707
    url: https://raw.githubusercontent.com/commercialhaskell/stackage-snapshots/master/lts/16/5.yaml
    sha256: 9751e25e0af5713a53ddcfcc79564b082c71b1b357fadef0d85672a5b5ba3703
  original: lts-16.5
